
Microsoft Visual Studio Solution File, Format Version 12.00
# Visual Studio 15
VisualStudioVersion = 15.0.28010.2026
MinimumVisualStudioVersion = 10.0.40219.1
Project("{FAE04EC0-301F-11D3-BF4B-00C04F79EFBC}") = "CalculatorLibrary", "CalculatorLibrary\CalculatorLibrary.csproj", "{DCFDE5E9-6F67-46D4-B180-D62A531358A3}"
EndProject
Project("{FAE04EC0-301F-11D3-BF4B-00C04F79EFBC}") = "CalculatorTest", "CalculatorTest\CalculatorTest.csproj", "{956D19F1-1A20-4794-BC15-FA6733E58B0B}"
EndProject
Global
	GlobalSection(SolutionConfigurationPlatforms) = preSolution
		Debug|Any CPU = Debug|Any CPU
		Release|Any CPU = Release|Any CPU
	EndGlobalSection
	GlobalSection(ProjectConfigurationPlatforms) = postSolution
		{DCFDE5E9-6F67-46D4-B180-D62A531358A3}.Debug|Any CPU.ActiveCfg = Debug|Any CPU
		{DCFDE5E9-6F67-46D4-B180-D62A531358A3}.Debug|Any CPU.Build.0 = Debug|Any CPU
		{DCFDE5E9-6F67-46D4-B180-D62A531358A3}.Release|Any CPU.ActiveCfg = Release|Any CPU
		{DCFDE5E9-6F67-46D4-B180-D62A531358A3}.Release|Any CPU.Build.0 = Release|Any CPU
		{956D19F1-1A20-4794-BC15-FA6733E58B0B}.Debug|Any CPU.ActiveCfg = Debug|Any CPU
		{956D19F1-1A20-4794-BC15-FA6733E58B0B}.Debug|Any CPU.Build.0 = Debug|Any CPU
		{956D19F1-1A20-4794-BC15-FA6733E58B0B}.Release|Any CPU.ActiveCfg = Release|Any CPU
		{956D19F1-1A20-4794-BC15-FA6733E58B0B}.Release|Any CPU.Build.0 = Release|Any CPU
	EndGlobalSection
	GlobalSection(SolutionProperties) = preSolution
		HideSolutionNode = FALSE
	EndGlobalSection
	GlobalSection(ExtensibilityGlobals) = postSolution
		SolutionGuid = {5D909858-92D1-4D57-843C-F64950C8C5EC}
	EndGlobalSection
EndGlobal
